
Microsoft Visual Studio Solution File, Format Version 12.00
# Visual Studio Version 17
VisualStudioVersion = 17.5.33530.505
MinimumVisualStudioVersion = 10.0.40219.1
Project("{FAE04EC0-301F-11D3-BF4B-00C04F79EFBC}") = "ASPNET_with_React", "ASPNET_with_React.csproj", "{4FD56D3F-CA66-486B-88B7-A19E7AD826C3}"
EndProject
Global
	GlobalSection(SolutionConfigurationPlatforms) = preSolution
		Debug|Any CPU = Debug|Any CPU
		Release|Any CPU = Release|Any CPU
	EndGlobalSection
	GlobalSection(ProjectConfigurationPlatforms) = postSolution
		{4FD56D3F-CA66-486B-88B7-A19E7AD826C3}.Debug|Any CPU.ActiveCfg = Debug|Any CPU
		{4FD56D3F-CA66-486B-88B7-A19E7AD826C3}.Debug|Any CPU.Build.0 = Debug|Any CPU
		{4FD56D3F-CA66-486B-88B7-A19E7AD826C3}.Release|Any CPU.ActiveCfg = Release|Any CPU
		{4FD56D3F-CA66-486B-88B7-A19E7AD826C3}.Release|Any CPU.Build.0 = Release|Any CPU
	EndGlobalSection
	GlobalSection(SolutionProperties) = preSolution
		HideSolutionNode = FALSE
	EndGlobalSection
	GlobalSection(ExtensibilityGlobals) = postSolution
		SolutionGuid = {5F7D1017-FE72-40D3-ADAA-F21E51025DB8}
	EndGlobalSection
EndGlobal
